<?xml version="1.0" encoding="utf-8"?>
<Project ToolsVersion="4.0" xmlns="http://schemas.microsoft.com/developer/msbuild/2003">
  <ItemGroup>
    <Filter Include="源文件">
      <UniqueIdentifier>{8800ca39-120a-4177-84de-49dcc9202b69}</UniqueIdentifier>
    </Filter>
    <Filter Include="生成的文件">
      <UniqueIdentifier>{0015f54a-88a1-4a24-b426-93f79a5e7421}</UniqueIdentifier>
      <SourceControlFiles>False</SourceControlFiles>
    </Filter>
  </ItemGroup>
  <ItemGroup>
    <None Include="TdxProxyps.def" />
  </ItemGroup>
  <ItemGroup>
    <ClCompile Include="TdxProxy_i.c">
      <Filter>生成的文件</Filter>
    </ClCompile>
    <ClCompile Include="TdxProxy_p.c">
      <Filter>生成的文件</Filter>
    </ClCompile>
    <ClCompile Include="dlldata.c">
      <Filter>生成的文件</Filter>
    </ClCompile>
  </ItemGroup>
</Project>